
Microsoft Visual Studio Solution File, Format Version 12.00
# Visual Studio Version 16
VisualStudioVersion = 16.0.30104.148
MinimumVisualStudioVersion = 10.0.40219.1
Project("{FAE04EC0-301F-11D3-BF4B-00C04F79EFBC}") = "Product Search", "Product Search\Product Search.csproj", "{4BBDAC44-6ACA-409D-937B-C61ACC29FEDF}"
EndProject
Global
	GlobalSection(SolutionConfigurationPlatforms) = preSolution
		Debug|Any CPU = Debug|Any CPU
		Release|Any CPU = Release|Any CPU
	EndGlobalSection
	GlobalSection(ProjectConfigurationPlatforms) = postSolution
		{4BBDAC44-6ACA-409D-937B-C61ACC29FEDF}.Debug|Any CPU.ActiveCfg = Debug|Any CPU
		{4BBDAC44-6ACA-409D-937B-C61ACC29FEDF}.Debug|Any CPU.Build.0 = Debug|Any CPU
		{4BBDAC44-6ACA-409D-937B-C61ACC29FEDF}.Release|Any CPU.ActiveCfg = Release|Any CPU
		{4BBDAC44-6ACA-409D-937B-C61ACC29FEDF}.Release|Any CPU.Build.0 = Release|Any CPU
	EndGlobalSection
	GlobalSection(SolutionProperties) = preSolution
		HideSolutionNode = FALSE
	EndGlobalSection
	GlobalSection(ExtensibilityGlobals) = postSolution
		SolutionGuid = {278005CD-1206-4D88-9FE6-C13C8969E3EF}
	EndGlobalSection
EndGlobal
